
Microsoft Visual Studio Solution File, Format Version 12.00
# Visual Studio 15
VisualStudioVersion = 15.0.27130.2010
MinimumVisualStudioVersion = 10.0.40219.1
Project("{FAE04EC0-301F-11D3-BF4B-00C04F79EFBC}") = "file2clipboard", "file2clipboard\file2clipboard.csproj", "{2D703D00-AD75-4475-BAE4-40EA866905DA}"
EndProject
Global
	GlobalSection(SolutionConfigurationPlatforms) = preSolution
		Debug|Any CPU = Debug|Any CPU
		Release|Any CPU = Release|Any CPU
	EndGlobalSection
	GlobalSection(ProjectConfigurationPlatforms) = postSolution
		{2D703D00-AD75-4475-BAE4-40EA866905DA}.Debug|Any CPU.ActiveCfg = Debug|Any CPU
		{2D703D00-AD75-4475-BAE4-40EA866905DA}.Debug|Any CPU.Build.0 = Debug|Any CPU
		{2D703D00-AD75-4475-BAE4-40EA866905DA}.Release|Any CPU.ActiveCfg = Release|Any CPU
		{2D703D00-AD75-4475-BAE4-40EA866905DA}.Release|Any CPU.Build.0 = Release|Any CPU
	EndGlobalSection
	GlobalSection(SolutionProperties) = preSolution
		HideSolutionNode = FALSE
	EndGlobalSection
	GlobalSection(ExtensibilityGlobals) = postSolution
		SolutionGuid = {7D39683F-5EFE-43BA-9BE0-2EC70C451CE6}
	EndGlobalSection
EndGlobal
